// !$*UTF8*$!
{
	archiveVersion = 1;
	classes = {
	};
	objectVersion = 56;
	objects = {

/* Begin PBXBuildFile section */
		E93AA4202A751F7E0021587A /* NewMessageView.swift in Sources */ = {isa = PBXBuildFile; fileRef = E93AA41F2A751F7E0021587A /* NewMessageView.swift */; };
		E93AA4242A752C680021587A /* ProfileView.swift in Sources */ = {isa = PBXBuildFile; fileRef = E93AA4232A752C680021587A /* ProfileView.swift */; };
		E93AA4262A752DE60021587A /* SettingsOptionsViewModel.swift in Sources */ = {isa = PBXBuildFile; fileRef = E93AA4252A752DE60021587A /* SettingsOptionsViewModel.swift */; };
		E93AA4282A75380E0021587A /* ProfileViewModel.swift in Sources */ = {isa = PBXBuildFile; fileRef = E93AA4272A75380E0021587A /* ProfileViewModel.swift */; };
		E946D5392A7273E30051C69D /* MessangerApp.swift in Sources */ = {isa = PBXBuildFile; fileRef = E946D5382A7273E30051C69D /* MessangerApp.swift */; };
		E946D53B2A7273E30051C69D /* ContentView.swift in Sources */ = {isa = PBXBuildFile; fileRef = E946D53A2A7273E30051C69D /* ContentView.swift */; };
		E946D53D2A7273E40051C69D /* Assets.xcassets in Resources */ = {isa = PBXBuildFile; fileRef = E946D53C2A7273E40051C69D /* Assets.xcassets */; };
		E946D5402A7273E40051C69D /* Preview Assets.xcassets in Resources */ = {isa = PBXBuildFile; fileRef = E946D53F2A7273E40051C69D /* Preview Assets.xcassets */; };
		E946D54F2A7275890051C69D /* LoginView.swift in Sources */ = {isa = PBXBuildFile; fileRef = E946D54E2A7275890051C69D /* LoginView.swift */; };
		E946D5512A7281120051C69D /* RegisterView.swift in Sources */ = {isa = PBXBuildFile; fileRef = E946D5502A7281120051C69D /* RegisterView.swift */; };
		E946D5542A7283300051C69D /* InboxView.swift in Sources */ = {isa = PBXBuildFile; fileRef = E946D5532A7283300051C69D /* InboxView.swift */; };
		E946D5572A7284F40051C69D /* ActiveNowView.swift in Sources */ = {isa = PBXBuildFile; fileRef = E946D5562A7284F40051C69D /* ActiveNowView.swift */; };
		E946D5592A72877B0051C69D /* InboxRowView.swift in Sources */ = {isa = PBXBuildFile; fileRef = E946D5582A72877B0051C69D /* InboxRowView.swift */; };
/* End PBXBuildFile section */

/* Begin PBXFileReference section */
		E93AA41F2A751F7E0021587A /* NewMessageView.swift */ = {isa = PBXFileReference; lastKnownFileType = sourcecode.swift; path = NewMessageView.swift; sourceTree = "<group>"; };
		E93AA4232A752C680021587A /* ProfileView.swift */ = {isa = PBXFileReference; lastKnownFileType = sourcecode.swift; path = ProfileView.swift; sourceTree = "<group>"; };
		E93AA4252A752DE60021587A /* SettingsOptionsViewModel.swift */ = {isa = PBXFileReference; lastKnownFileType = sourcecode.swift; path = SettingsOptionsViewModel.swift; sourceTree = "<group>"; };
		E93AA4272A75380E0021587A /* ProfileViewModel.swift */ = {isa = PBXFileReference; lastKnownFileType = sourcecode.swift; path = ProfileViewModel.swift; sourceTree = "<group>"; };
		E946D5352A7273E30051C69D /* Messanger.app */ = {isa = PBXFileReference; explicitFileType = wrapper.application; includeInIndex = 0; path = Messanger.app; sourceTree = BUILT_PRODUCTS_DIR; };
		E946D5382A7273E30051C69D /* MessangerApp.swift */ = {isa = PBXFileReference; lastKnownFileType = sourcecode.swift; path = MessangerApp.swift; sourceTree = "<group>"; };
		E946D53A2A7273E30051C69D /* ContentView.swift */ = {isa = PBXFileReference; lastKnownFileType = sourcecode.swift; path = ContentView.swift; sourceTree = "<group>"; };
		E946D53C2A7273E40051C69D /* Assets.xcassets */ = {isa = PBXFileReference; lastKnownFileType = folder.assetcatalog; path = Assets.xcassets; sourceTree = "<group>"; };
		E946D53F2A7273E40051C69D /* Preview Assets.xcassets */ = {isa = PBXFileReference; lastKnownFileType = folder.assetcatalog; path = "Preview Assets.xcassets"; sourceTree = "<group>"; };
		E946D54E2A7275890051C69D /* LoginView.swift */ = {isa = PBXFileReference; lastKnownFileType = sourcecode.swift; path = LoginView.swift; sourceTree = "<group>"; };
		E946D5502A7281120051C69D /* RegisterView.swift */ = {isa = PBXFileReference; lastKnownFileType = sourcecode.swift; path = RegisterView.swift; sourceTree = "<group>"; };
		E946D5532A7283300051C69D /* InboxView.swift */ = {isa = PBXFileReference; lastKnownFileType = sourcecode.swift; path = InboxView.swift; sourceTree = "<group>"; };
		E946D5562A7284F40051C69D /* ActiveNowView.swift */ = {isa = PBXFileReference; lastKnownFileType = sourcecode.swift; path = ActiveNowView.swift; sourceTree = "<group>"; };
		E946D5582A72877B0051C69D /* InboxRowView.swift */ = {isa = PBXFileReference; lastKnownFileType = sourcecode.swift; path = InboxRowView.swift; sourceTree = "<group>"; };
/* End PBXFileReference section */

/* Begin PBXFrameworksBuildPhase section */
		E946D5322A7273E30051C69D /* Frameworks */ = {
			isa = PBXFrameworksBuildPhase;
			buildActionMask = 2147483647;
			files = (
			);
			runOnlyForDeploymentPostprocessing = 0;
		};
/* End PBXFrameworksBuildPhase section */

/* Begin PBXGroup section */
		E93AA41D2A751E400021587A /* Profile */ = {
			isa = PBXGroup;
			children = (
				E93AA4212A752C4E0021587A /* View */,
				E93AA4222A752C510021587A /* ViewModel */,
			);
			path = Profile;
			sourceTree = "<group>";
		};
		E93AA41E2A751F5D0021587A /* NewMessage */ = {
			isa = PBXGroup;
			children = (
				E93AA41F2A751F7E0021587A /* NewMessageView.swift */,
			);
			path = NewMessage;
			sourceTree = "<group>";
		};
		E93AA4212A752C4E0021587A /* View */ = {
			isa = PBXGroup;
			children = (
				E93AA4232A752C680021587A /* ProfileView.swift */,
			);
			path = View;
			sourceTree = "<group>";
		};
		E93AA4222A752C510021587A /* ViewModel */ = {
			isa = PBXGroup;
			children = (
				E93AA4252A752DE60021587A /* SettingsOptionsViewModel.swift */,
				E93AA4272A75380E0021587A /* ProfileViewModel.swift */,
			);
			path = ViewModel;
			sourceTree = "<group>";
		};
		E946D52C2A7273E30051C69D = {
			isa = PBXGroup;
			children = (
				E946D5372A7273E30051C69D /* Messanger */,
				E946D5362A7273E30051C69D /* Products */,
			);
			sourceTree = "<group>";
		};
		E946D5362A7273E30051C69D /* Products */ = {
			isa = PBXGroup;
			children = (
				E946D5352A7273E30051C69D /* Messanger.app */,
			);
			name = Products;
			sourceTree = "<group>";
		};
		E946D5372A7273E30051C69D /* Messanger */ = {
			isa = PBXGroup;
			children = (
				E946D54A2A7274D10051C69D /* App */,
				E946D5492A7274CC0051C69D /* Extensions */,
				E946D5482A7274C40051C69D /* Core */,
				E946D5472A7274C00051C69D /* Model */,
				E946D5462A7274BB0051C69D /* Service */,
				E946D53C2A7273E40051C69D /* Assets.xcassets */,
				E946D53E2A7273E40051C69D /* Preview Content */,
			);
			path = Messanger;
			sourceTree = "<group>";
		};
		E946D53E2A7273E40051C69D /* Preview Content */ = {
			isa = PBXGroup;
			children = (
				E946D53F2A7273E40051C69D /* Preview Assets.xcassets */,
			);
			path = "Preview Content";
			sourceTree = "<group>";
		};
		E946D5462A7274BB0051C69D /* Service */ = {
			isa = PBXGroup;
			children = (
			);
			path = Service;
			sourceTree = "<group>";
		};
		E946D5472A7274C00051C69D /* Model */ = {
			isa = PBXGroup;
			children = (
			);
			path = Model;
			sourceTree = "<group>";
		};
		E946D5482A7274C40051C69D /* Core */ = {
			isa = PBXGroup;
			children = (
				E946D5552A7284DE0051C69D /* ActiveNow */,
				E946D54B2A7274FE0051C69D /* Authentication */,
				E946D5522A72830D0051C69D /* Inbox */,
				E93AA41E2A751F5D0021587A /* NewMessage */,
				E93AA41D2A751E400021587A /* Profile */,
				E946D54C2A7275060051C69D /* Root */,
			);
			path = Core;
			sourceTree = "<group>";
		};
		E946D5492A7274CC0051C69D /* Extensions */ = {
			isa = PBXGroup;
			children = (
			);
			path = Extensions;
			sourceTree = "<group>";
		};
		E946D54A2A7274D10051C69D /* App */ = {
			isa = PBXGroup;
			children = (
				E946D5382A7273E30051C69D /* MessangerApp.swift */,
			);
			path = App;
			sourceTree = "<group>";
		};
		E946D54B2A7274FE0051C69D /* Authentication */ = {
			isa = PBXGroup;
			children = (
				E946D54D2A72751E0051C69D /* View */,
			);
			path = Authentication;
			sourceTree = "<group>";
		};
		E946D54C2A7275060051C69D /* Root */ = {
			isa = PBXGroup;
			children = (
				E946D53A2A7273E30051C69D /* ContentView.swift */,
			);
			path = Root;
			sourceTree = "<group>";
		};
		E946D54D2A72751E0051C69D /* View */ = {
			isa = PBXGroup;
			children = (
				E946D54E2A7275890051C69D /* LoginView.swift */,
				E946D5502A7281120051C69D /* RegisterView.swift */,
			);
			path = View;
			sourceTree = "<group>";
		};
		E946D5522A72830D0051C69D /* Inbox */ = {
			isa = PBXGroup;
			children = (
				E946D5532A7283300051C69D /* InboxView.swift */,
				E946D5582A72877B0051C69D /* InboxRowView.swift */,
			);
			path = Inbox;
			sourceTree = "<group>";
		};
		E946D5552A7284DE0051C69D /* ActiveNow */ = {
			isa = PBXGroup;
			children = (
				E946D5562A7284F40051C69D /* ActiveNowView.swift */,
			);
			path = ActiveNow;
			sourceTree = "<group>";
		};
/* End PBXGroup section */

/* Begin PBXNativeTarget section */
		E946D5342A7273E30051C69D /* Messanger */ = {
			isa = PBXNativeTarget;
			buildConfigurationList = E946D5432A7273E40051C69D /* Build configuration list for PBXNativeTarget "Messanger" */;
			buildPhases = (
				E946D5312A7273E30051C69D /* Sources */,
				E946D5322A7273E30051C69D /* Frameworks */,
				E946D5332A7273E30051C69D /* Resources */,
			);
			buildRules = (
			);
			dependencies = (
			);
			name = Messanger;
			productName = Messanger;
			productReference = E946D5352A7273E30051C69D /* Messanger.app */;
			productType = "com.apple.product-type.application";
		};
/* End PBXNativeTarget section */

/* Begin PBXProject section */
		E946D52D2A7273E30051C69D /* Project object */ = {
			isa = PBXProject;
			attributes = {
				BuildIndependentTargetsInParallel = 1;
				LastSwiftUpdateCheck = 1430;
				LastUpgradeCheck = 1430;
				TargetAttributes = {
					E946D5342A7273E30051C69D = {
						CreatedOnToolsVersion = 14.3.1;
					};
				};
			};
			buildConfigurationList = E946D5302A7273E30051C69D /* Build configuration list for PBXProject "Messanger" */;
			compatibilityVersion = "Xcode 14.0";
			developmentRegion = en;
			hasScannedForEncodings = 0;
			knownRegions = (
				en,
				Base,
			);
			mainGroup = E946D52C2A7273E30051C69D;
			productRefGroup = E946D5362A7273E30051C69D /* Products */;
			projectDirPath = "";
			projectRoot = "";
			targets = (
				E946D5342A7273E30051C69D /* Messanger */,
			);
		};
/* End PBXProject section */

/* Begin PBXResourcesBuildPhase section */
		E946D5332A7273E30051C69D /* Resources */ = {
			isa = PBXResourcesBuildPhase;
			buildActionMask = 2147483647;
			files = (
				E946D5402A7273E40051C69D /* Preview Assets.xcassets in Resources */,
				E946D53D2A7273E40051C69D /* Assets.xcassets in Resources */,
			);
			runOnlyForDeploymentPostprocessing = 0;
		};
/* End PBXResourcesBuildPhase section */

/* Begin PBXSourcesBuildPhase section */
		E946D5312A7273E30051C69D /* Sources */ = {
			isa = PBXSourcesBuildPhase;
			buildActionMask = 2147483647;
			files = (
				E946D5592A72877B0051C69D /* InboxRowView.swift in Sources */,
				E93AA4242A752C680021587A /* ProfileView.swift in Sources */,
				E93AA4202A751F7E0021587A /* NewMessageView.swift in Sources */,
				E946D54F2A7275890051C69D /* LoginView.swift in Sources */,
				E946D5512A7281120051C69D /* RegisterView.swift in Sources */,
				E946D5542A7283300051C69D /* InboxView.swift in Sources */,
				E946D5572A7284F40051C69D /* ActiveNowView.swift in Sources */,
				E93AA4282A75380E0021587A /* ProfileViewModel.swift in Sources */,
				E946D53B2A7273E30051C69D /* ContentView.swift in Sources */,
				E93AA4262A752DE60021587A /* SettingsOptionsViewModel.swift in Sources */,
				E946D5392A7273E30051C69D /* MessangerApp.swift in Sources */,
			);
			runOnlyForDeploymentPostprocessing = 0;
		};
/* End PBXSourcesBuildPhase section */

/* Begin XCBuildConfiguration section */
		E946D5412A7273E40051C69D /* Debug */ = {
			isa = XCBuildConfiguration;
			buildSettings = {
				ALWAYS_SEARCH_USER_PATHS = NO;
				CLANG_ANALYZER_NONNULL = YES;
				CLANG_ANALYZER_NUMBER_OBJECT_CONVERSION = YES_AGGRESSIVE;
				CLANG_CXX_LANGUAGE_STANDARD = "gnu++20";
				CLANG_ENABLE_MODULES = YES;
				CLANG_ENABLE_OBJC_ARC = YES;
				CLANG_ENABLE_OBJC_WEAK = YES;
				CLANG_WARN_BLOCK_CAPTURE_AUTORELEASING = YES;
				CLANG_WARN_BOOL_CONVERSION = YES;
				CLANG_WARN_COMMA = YES;
				CLANG_WARN_CONSTANT_CONVERSION = YES;
				CLANG_WARN_DEPRECATED_OBJC_IMPLEMENTATIONS = YES;
				CLANG_WARN_DIRECT_OBJC_ISA_USAGE = YES_ERROR;
				CLANG_WARN_DOCUMENTATION_COMMENTS = YES;
				CLANG_WARN_EMPTY_BODY = YES;
				CLANG_WARN_ENUM_CONVERSION = YES;
				CLANG_WARN_INFINITE_RECURSION = YES;
				CLANG_WARN_INT_CONVERSION = YES;
				CLANG_WARN_NON_LITERAL_NULL_CONVERSION = YES;
				CLANG_WARN_OBJC_IMPLICIT_RETAIN_SELF = YES;
				CLANG_WARN_OBJC_LITERAL_CONVERSION = YES;
				CLANG_WARN_OBJC_ROOT_CLASS = YES_ERROR;
				CLANG_WARN_QUOTED_INCLUDE_IN_FRAMEWORK_HEADER = YES;
				CLANG_WARN_RANGE_LOOP_ANALYSIS = YES;
				CLANG_WARN_STRICT_PROTOTYPES = YES;
				CLANG_WARN_SUSPICIOUS_MOVE = YES;
				CLANG_WARN_UNGUARDED_AVAILABILITY = YES_AGGRESSIVE;
				CLANG_WARN_UNREACHABLE_CODE = YES;
				CLANG_WARN__DUPLICATE_METHOD_MATCH = YES;
				COPY_PHASE_STRIP = NO;
				DEBUG_INFORMATION_FORMAT = dwarf;
				ENABLE_STRICT_OBJC_MSGSEND = YES;
				ENABLE_TESTABILITY = YES;
				GCC_C_LANGUAGE_STANDARD = gnu11;
				GCC_DYNAMIC_NO_PIC = NO;
				GCC_NO_COMMON_BLOCKS = YES;
				GCC_OPTIMIZATION_LEVEL = 0;
				GCC_PREPROCESSOR_DEFINITIONS = (
					"DEBUG=1",
					"$(inherited)",
				);
				GCC_WARN_64_TO_32_BIT_CONVERSION = YES;
				GCC_WARN_ABOUT_RETURN_TYPE = YES_ERROR;
				GCC_WARN_UNDECLARED_SELECTOR = YES;
				GCC_WARN_UNINITIALIZED_AUTOS = YES_AGGRESSIVE;
				GCC_WARN_UNUSED_FUNCTION = YES;
				GCC_WARN_UNUSED_VARIABLE = YES;
				IPHONEOS_DEPLOYMENT_TARGET = 16.4;
				MTL_ENABLE_DEBUG_INFO = INCLUDE_SOURCE;
				MTL_FAST_MATH = YES;
				ONLY_ACTIVE_ARCH = YES;
				SDKROOT = iphoneos;
				SWIFT_ACTIVE_COMPILATION_CONDITIONS = DEBUG;
				SWIFT_OPTIMIZATION_LEVEL = "-Onone";
			};
			name = Debug;
		};
		E946D5422A7273E40051C69D /* Release */ = {
			isa = XCBuildConfiguration;
			buildSettings = {
				ALWAYS_SEARCH_USER_PATHS = NO;
				CLANG_ANALYZER_NONNULL = YES;
				CLANG_ANALYZER_NUMBER_OBJECT_CONVERSION = YES_AGGRESSIVE;
				CLANG_CXX_LANGUAGE_STANDARD = "gnu++20";
				CLANG_ENABLE_MODULES = YES;
				CLANG_ENABLE_OBJC_ARC = YES;
				CLANG_ENABLE_OBJC_WEAK = YES;
				CLANG_WARN_BLOCK_CAPTURE_AUTORELEASING = YES;
				CLANG_WARN_BOOL_CONVERSION = YES;
				CLANG_WARN_COMMA = YES;
				CLANG_WARN_CONSTANT_CONVERSION = YES;
				CLANG_WARN_DEPRECATED_OBJC_IMPLEMENTATIONS = YES;
				CLANG_WARN_DIRECT_OBJC_ISA_USAGE = YES_ERROR;
				CLANG_WARN_DOCUMENTATION_COMMENTS = YES;
				CLANG_WARN_EMPTY_BODY = YES;
				CLANG_WARN_ENUM_CONVERSION = YES;
				CLANG_WARN_INFINITE_RECURSION = YES;
				CLANG_WARN_INT_CONVERSION = YES;
				CLANG_WARN_NON_LITERAL_NULL_CONVERSION = YES;
				CLANG_WARN_OBJC_IMPLICIT_RETAIN_SELF = YES;
				CLANG_WARN_OBJC_LITERAL_CONVERSION = YES;
				CLANG_WARN_OBJC_ROOT_CLASS = YES_ERROR;
				CLANG_WARN_QUOTED_INCLUDE_IN_FRAMEWORK_HEADER = YES;
				CLANG_WARN_RANGE_LOOP_ANALYSIS = YES;
				CLANG_WARN_STRICT_PROTOTYPES = YES;
				CLANG_WARN_SUSPICIOUS_MOVE = YES;
				CLANG_WARN_UNGUARDED_AVAILABILITY = YES_AGGRESSIVE;
				CLANG_WARN_UNREACHABLE_CODE = YES;
				CLANG_WARN__DUPLICATE_METHOD_MATCH = YES;
				COPY_PHASE_STRIP = NO;
				DEBUG_INFORMATION_FORMAT = "dwarf-with-dsym";
				ENABLE_NS_ASSERTIONS = NO;
				ENABLE_STRICT_OBJC_MSGSEND = YES;
				GCC_C_LANGUAGE_STANDARD = gnu11;
				GCC_NO_COMMON_BLOCKS = YES;
				GCC_WARN_64_TO_32_BIT_CONVERSION = YES;
				GCC_WARN_ABOUT_RETURN_TYPE = YES_ERROR;
				GCC_WARN_UNDECLARED_SELECTOR = YES;
				GCC_WARN_UNINITIALIZED_AUTOS = YES_AGGRESSIVE;
				GCC_WARN_UNUSED_FUNCTION = YES;
				GCC_WARN_UNUSED_VARIABLE = YES;
				IPHONEOS_DEPLOYMENT_TARGET = 16.4;
				MTL_ENABLE_DEBUG_INFO = NO;
				MTL_FAST_MATH = YES;
				SDKROOT = iphoneos;
				SWIFT_COMPILATION_MODE = wholemodule;
				SWIFT_OPTIMIZATION_LEVEL = "-O";
				VALIDATE_PRODUCT = YES;
			};
			name = Release;
		};
		E946D5442A7273E40051C69D /* Debug */ = {
			isa = XCBuildConfiguration;
			buildSettings = {
				ASSETCATALOG_COMPILER_APPICON_NAME = AppIcon;
				ASSETCATALOG_COMPILER_GLOBAL_ACCENT_COLOR_NAME = AccentColor;
				CODE_SIGN_STYLE = Automatic;
				CURRENT_PROJECT_VERSION = 1;
				DEVELOPMENT_ASSET_PATHS = "\"Messanger/Preview Content\"";
				DEVELOPMENT_TEAM = 5Z6579228A;
				ENABLE_PREVIEWS = YES;
				GENERATE_INFOPLIST_FILE = YES;
				INFOPLIST_KEY_UIApplicationSceneManifest_Generation = YES;
				INFOPLIST_KEY_UIApplicationSupportsIndirectInputEvents = YES;
				INFOPLIST_KEY_UILaunchScreen_Generation = YES;
				INFOPLIST_KEY_UISupportedInterfaceOrientations_iPad = "UIInterfaceOrientationPortrait UIInterfaceOrientationPortraitUpsideDown UIInterfaceOrientationLandscapeLeft UIInterfaceOrientationLandscapeRight";
				INFOPLIST_KEY_UISupportedInterfaceOrientations_iPhone = "UIInterfaceOrientationPortrait UIInterfaceOrientationLandscapeLeft UIInterfaceOrientationLandscapeRight";
				LD_RUNPATH_SEARCH_PATHS = (
					"$(inherited)",
					"@executable_path/Frameworks",
				);
				MARKETING_VERSION = 1.0;
				PRODUCT_BUNDLE_IDENTIFIER = com.aykutipek.Messanger;
				PRODUCT_NAME = "$(TARGET_NAME)";
				SWIFT_EMIT_LOC_STRINGS = YES;
				SWIFT_VERSION = 5.0;
				TARGETED_DEVICE_FAMILY = "1,2";
			};
			name = Debug;
		};
		E946D5452A7273E40051C69D /* Release */ = {
			isa = XCBuildConfiguration;
			buildSettings = {
				ASSETCATALOG_COMPILER_APPICON_NAME = AppIcon;
				ASSETCATALOG_COMPILER_GLOBAL_ACCENT_COLOR_NAME = AccentColor;
				CODE_SIGN_STYLE = Automatic;
				CURRENT_PROJECT_VERSION = 1;
				DEVELOPMENT_ASSET_PATHS = "\"Messanger/Preview Content\"";
				DEVELOPMENT_TEAM = 5Z6579228A;
				ENABLE_PREVIEWS = YES;
				GENERATE_INFOPLIST_FILE = YES;
				INFOPLIST_KEY_UIApplicationSceneManifest_Generation = YES;
				INFOPLIST_KEY_UIApplicationSupportsIndirectInputEvents = YES;
				INFOPLIST_KEY_UILaunchScreen_Generation = YES;
				INFOPLIST_KEY_UISupportedInterfaceOrientations_iPad = "UIInterfaceOrientationPortrait UIInterfaceOrientationPortraitUpsideDown UIInterfaceOrientationLandscapeLeft UIInterfaceOrientationLandscapeRight";
				INFOPLIST_KEY_UISupportedInterfaceOrientations_iPhone = "UIInterfaceOrientationPortrait UIInterfaceOrientationLandscapeLeft UIInterfaceOrientationLandscapeRight";
				LD_RUNPATH_SEARCH_PATHS = (
					"$(inherited)",
					"@executable_path/Frameworks",
				);
				MARKETING_VERSION = 1.0;
				PRODUCT_BUNDLE_IDENTIFIER = com.aykutipek.Messanger;
				PRODUCT_NAME = "$(TARGET_NAME)";
				SWIFT_EMIT_LOC_STRINGS = YES;
				SWIFT_VERSION = 5.0;
				TARGETED_DEVICE_FAMILY = "1,2";
			};
			name = Release;
		};
/* End XCBuildConfiguration section */

/* Begin XCConfigurationList section */
		E946D5302A7273E30051C69D /* Build configuration list for PBXProject "Messanger" */ = {
			isa = XCConfigurationList;
			buildConfigurations = (
				E946D5412A7273E40051C69D /* Debug */,
				E946D5422A7273E40051C69D /* Release */,
			);
			defaultConfigurationIsVisible = 0;
			defaultConfigurationName = Release;
		};
		E946D5432A7273E40051C69D /* Build configuration list for PBXNativeTarget "Messanger" */ = {
			isa = XCConfigurationList;
			buildConfigurations = (
				E946D5442A7273E40051C69D /* Debug */,
				E946D5452A7273E40051C69D /* Release */,
			);
			defaultConfigurationIsVisible = 0;
			defaultConfigurationName = Release;
		};
/* End XCConfigurationList section */
	};
	rootObject = E946D52D2A7273E30051C69D /* Project object */;
}
